// !$*UTF8*$!
{
	archiveVersion = 1;
	classes = {
	};
	objectVersion = 77;
	objects = {

/* Begin PBXBuildFile section */
		CE0EAD6E2D56ACA80067FDEE /* GRDB in Frameworks */ = {isa = PBXBuildFile; productRef = CE0EAD6D2D56ACA80067FDEE /* GRDB */; };
		CEB9F0012D9A00010067FDEE /* GRDB in OpenSuperWhisperTests */ = {isa = PBXBuildFile; productRef = CE0EAD6D2D56ACA80067FDEE /* GRDB */; };
		CE84E17D2D56550B00C54EA6 /* KeyboardShortcuts in Frameworks */ = {isa = PBXBuildFile; productRef = CE84E17C2D56550B00C54EA6 /* KeyboardShortcuts */; };
/* End PBXBuildFile section */

/* Begin PBXContainerItemProxy section */
		CE57B03A2D52C7BC00929AF3 /* PBXContainerItemProxy */ = {
			isa = PBXContainerItemProxy;
			containerPortal = CE57B0202D52C7BB00929AF3 /* Project object */;
			proxyType = 1;
			remoteGlobalIDString = CE57B0272D52C7BB00929AF3;
			remoteInfo = OpenSuperWhisper;
		};
		CE57B0442D52C7BC00929AF3 /* PBXContainerItemProxy */ = {
			isa = PBXContainerItemProxy;
			containerPortal = CE57B0202D52C7BB00929AF3 /* Project object */;
			proxyType = 1;
			remoteGlobalIDString = CE57B0272D52C7BB00929AF3;
			remoteInfo = OpenSuperWhisper;
		};
/* End PBXContainerItemProxy section */

/* Begin PBXFileReference section */
		CE57B0282D52C7BB00929AF3 /* OpenSuperWhisper.app */ = {isa = PBXFileReference; explicitFileType = wrapper.application; includeInIndex = 0; path = OpenSuperWhisper.app; sourceTree = BUILT_PRODUCTS_DIR; };
		CE57B0392D52C7BC00929AF3 /* OpenSuperWhisperTests.xctest */ = {isa = PBXFileReference; explicitFileType = wrapper.cfbundle; includeInIndex = 0; path = OpenSuperWhisperTests.xctest; sourceTree = BUILT_PRODUCTS_DIR; };
		CE57B0432D52C7BC00929AF3 /* OpenSuperWhisperUITests.xctest */ = {isa = PBXFileReference; explicitFileType = wrapper.cfbundle; includeInIndex = 0; path = OpenSuperWhisperUITests.xctest; sourceTree = BUILT_PRODUCTS_DIR; };
/* End PBXFileReference section */

/* Begin PBXFileSystemSynchronizedBuildFileExceptionSet section */
		840156D62D79EE2600FB5FFE /* Exceptions for "OpenSuperWhisper" folder in "OpenSuperWhisper" target */ = {
			isa = PBXFileSystemSynchronizedBuildFileExceptionSet;
			membershipExceptions = (
				"OpenSuperWhisper-Info.plist",
			);
			target = CE57B0272D52C7BB00929AF3 /* OpenSuperWhisper */;
		};
/* End PBXFileSystemSynchronizedBuildFileExceptionSet section */

/* Begin PBXFileSystemSynchronizedRootGroup section */
		CE57B02A2D52C7BB00929AF3 /* OpenSuperWhisper */ = {
			isa = PBXFileSystemSynchronizedRootGroup;
			exceptions = (
				840156D62D79EE2600FB5FFE /* Exceptions for "OpenSuperWhisper" folder in "OpenSuperWhisper" target */,
			);
			path = OpenSuperWhisper;
			sourceTree = "<group>";
		};
		CE57B03C2D52C7BC00929AF3 /* OpenSuperWhisperTests */ = {
			isa = PBXFileSystemSynchronizedRootGroup;
			path = OpenSuperWhisperTests;
			sourceTree = "<group>";
		};
		CE57B0462D52C7BC00929AF3 /* OpenSuperWhisperUITests */ = {
			isa = PBXFileSystemSynchronizedRootGroup;
			path = OpenSuperWhisperUITests;
			sourceTree = "<group>";
		};
/* End PBXFileSystemSynchronizedRootGroup section */

/* Begin PBXFrameworksBuildPhase section */
		CE57B0252D52C7BB00929AF3 /* Frameworks */ = {
			isa = PBXFrameworksBuildPhase;
			buildActionMask = 2147483647;
			files = (
				CE0EAD6E2D56ACA80067FDEE /* GRDB in Frameworks */,
				CE84E17D2D56550B00C54EA6 /* KeyboardShortcuts in Frameworks */,
			);
			runOnlyForDeploymentPostprocessing = 0;
		};
		CE57B0362D52C7BC00929AF3 /* Frameworks */ = {
			isa = PBXFrameworksBuildPhase;
			buildActionMask = 2147483647;
			files = (
				CEB9F0012D9A00010067FDEE /* GRDB in OpenSuperWhisperTests */,
			);
			runOnlyForDeploymentPostprocessing = 0;
		};
		CE57B0402D52C7BC00929AF3 /* Frameworks */ = {
			isa = PBXFrameworksBuildPhase;
			buildActionMask = 2147483647;
			files = (
			);
			runOnlyForDeploymentPostprocessing = 0;
		};
/* End PBXFrameworksBuildPhase section */

/* Begin PBXGroup section */
		CE57B01F2D52C7BB00929AF3 = {
			isa = PBXGroup;
			children = (
				CE57B02A2D52C7BB00929AF3 /* OpenSuperWhisper */,
				CE57B03C2D52C7BC00929AF3 /* OpenSuperWhisperTests */,
				CE57B0462D52C7BC00929AF3 /* OpenSuperWhisperUITests */,
				CE57B0292D52C7BB00929AF3 /* Products */,
			);
			sourceTree = "<group>";
		};
		CE57B0292D52C7BB00929AF3 /* Products */ = {
			isa = PBXGroup;
			children = (
				CE57B0282D52C7BB00929AF3 /* OpenSuperWhisper.app */,
				CE57B0392D52C7BC00929AF3 /* OpenSuperWhisperTests.xctest */,
				CE57B0432D52C7BC00929AF3 /* OpenSuperWhisperUITests.xctest */,
			);
			name = Products;
			sourceTree = "<group>";
		};
/* End PBXGroup section */

/* Begin PBXNativeTarget section */
		CE57B0272D52C7BB00929AF3 /* OpenSuperWhisper */ = {
			isa = PBXNativeTarget;
			buildConfigurationList = CE57B04D2D52C7BC00929AF3 /* Build configuration list for PBXNativeTarget "OpenSuperWhisper" */;
			buildPhases = (
				CE57B0242D52C7BB00929AF3 /* Sources */,
				CE57B0252D52C7BB00929AF3 /* Frameworks */,
				CE57B0262D52C7BB00929AF3 /* Resources */,
			);
			buildRules = (
			);
			dependencies = (
			);
			fileSystemSynchronizedGroups = (
				CE57B02A2D52C7BB00929AF3 /* OpenSuperWhisper */,
			);
			name = OpenSuperWhisper;
			packageProductDependencies = (
				CE84E17C2D56550B00C54EA6 /* KeyboardShortcuts */,
				CE0EAD6D2D56ACA80067FDEE /* GRDB */,
			);
			productName = OpenSuperWhisper;
			productReference = CE57B0282D52C7BB00929AF3 /* OpenSuperWhisper.app */;
			productType = "com.apple.product-type.application";
		};
		CE57B0382D52C7BC00929AF3 /* OpenSuperWhisperTests */ = {
			isa = PBXNativeTarget;
			buildConfigurationList = CE57B0502D52C7BC00929AF3 /* Build configuration list for PBXNativeTarget "OpenSuperWhisperTests" */;
			buildPhases = (
				CE57B0352D52C7BC00929AF3 /* Sources */,
				CE57B0362D52C7BC00929AF3 /* Frameworks */,
				CE57B0372D52C7BC00929AF3 /* Resources */,
			);
			buildRules = (
			);
			dependencies = (
				CE57B03B2D52C7BC00929AF3 /* PBXTargetDependency */,
			);
			fileSystemSynchronizedGroups = (
				CE57B03C2D52C7BC00929AF3 /* OpenSuperWhisperTests */,
			);
			name = OpenSuperWhisperTests;
			packageProductDependencies = (
				CE0EAD6D2D56ACA80067FDEE /* GRDB */,
			);
			productName = OpenSuperWhisperTests;
			productReference = CE57B0392D52C7BC00929AF3 /* OpenSuperWhisperTests.xctest */;
			productType = "com.apple.product-type.bundle.unit-test";
		};
		CE57B0422D52C7BC00929AF3 /* OpenSuperWhisperUITests */ = {
			isa = PBXNativeTarget;
			buildConfigurationList = CE57B0532D52C7BC00929AF3 /* Build configuration list for PBXNativeTarget "OpenSuperWhisperUITests" */;
			buildPhases = (
				CE57B03F2D52C7BC00929AF3 /* Sources */,
				CE57B0402D52C7BC00929AF3 /* Frameworks */,
				CE57B0412D52C7BC00929AF3 /* Resources */,
			);
			buildRules = (
			);
			dependencies = (
				CE57B0452D52C7BC00929AF3 /* PBXTargetDependency */,
			);
			fileSystemSynchronizedGroups = (
				CE57B0462D52C7BC00929AF3 /* OpenSuperWhisperUITests */,
			);
			name = OpenSuperWhisperUITests;
			packageProductDependencies = (
			);
			productName = OpenSuperWhisperUITests;
			productReference = CE57B0432D52C7BC00929AF3 /* OpenSuperWhisperUITests.xctest */;
			productType = "com.apple.product-type.bundle.ui-testing";
		};
/* End PBXNativeTarget section */

/* Begin PBXProject section */
		CE57B0202D52C7BB00929AF3 /* Project object */ = {
			isa = PBXProject;
			attributes = {
				BuildIndependentTargetsInParallel = 1;
				LastSwiftUpdateCheck = 1610;
				LastUpgradeCheck = 1620;
				TargetAttributes = {
					CE57B0272D52C7BB00929AF3 = {
						CreatedOnToolsVersion = 16.1;
					};
					CE57B0382D52C7BC00929AF3 = {
						CreatedOnToolsVersion = 16.1;
						TestTargetID = CE57B0272D52C7BB00929AF3;
					};
					CE57B0422D52C7BC00929AF3 = {
						CreatedOnToolsVersion = 16.1;
						TestTargetID = CE57B0272D52C7BB00929AF3;
					};
				};
			};
			buildConfigurationList = CE57B0232D52C7BB00929AF3 /* Build configuration list for PBXProject "OpenSuperWhisper" */;
			developmentRegion = en;
			hasScannedForEncodings = 0;
			knownRegions = (
				en,
				Base,
			);
			mainGroup = CE57B01F2D52C7BB00929AF3;
			minimizedProjectReferenceProxies = 1;
			packageReferences = (
				CE84E17B2D56550B00C54EA6 /* XCRemoteSwiftPackageReference "KeyboardShortcuts" */,
				CE0EAD6C2D56ACA80067FDEE /* XCRemoteSwiftPackageReference "GRDB.swift" */,
			);
			preferredProjectObjectVersion = 77;
			productRefGroup = CE57B0292D52C7BB00929AF3 /* Products */;
			projectDirPath = "";
			projectRoot = "";
			targets = (
				CE57B0272D52C7BB00929AF3 /* OpenSuperWhisper */,
				CE57B0382D52C7BC00929AF3 /* OpenSuperWhisperTests */,
				CE57B0422D52C7BC00929AF3 /* OpenSuperWhisperUITests */,
			);
		};
/* End PBXProject section */

/* Begin PBXResourcesBuildPhase section */
		CE57B0262D52C7BB00929AF3 /* Resources */ = {
			isa = PBXResourcesBuildPhase;
			buildActionMask = 2147483647;
			files = (
			);
			runOnlyForDeploymentPostprocessing = 0;
		};
		CE57B0372D52C7BC00929AF3 /* Resources */ = {
			isa = PBXResourcesBuildPhase;
			buildActionMask = 2147483647;
			files = (
			);
			runOnlyForDeploymentPostprocessing = 0;
		};
		CE57B0412D52C7BC00929AF3 /* Resources */ = {
			isa = PBXResourcesBuildPhase;
			buildActionMask = 2147483647;
			files = (
			);
			runOnlyForDeploymentPostprocessing = 0;
		};
/* End PBXResourcesBuildPhase section */

/* Begin PBXSourcesBuildPhase section */
		CE57B0242D52C7BB00929AF3 /* Sources */ = {
			isa = PBXSourcesBuildPhase;
			buildActionMask = 2147483647;
			files = (
			);
			runOnlyForDeploymentPostprocessing = 0;
		};
		CE57B0352D52C7BC00929AF3 /* Sources */ = {
			isa = PBXSourcesBuildPhase;
			buildActionMask = 2147483647;
			files = (
			);
			runOnlyForDeploymentPostprocessing = 0;
		};
		CE57B03F2D52C7BC00929AF3 /* Sources */ = {
			isa = PBXSourcesBuildPhase;
			buildActionMask = 2147483647;
			files = (
			);
			runOnlyForDeploymentPostprocessing = 0;
		};
/* End PBXSourcesBuildPhase section */

/* Begin PBXTargetDependency section */
		CE57B03B2D52C7BC00929AF3 /* PBXTargetDependency */ = {
			isa = PBXTargetDependency;
			target = CE57B0272D52C7BB00929AF3 /* OpenSuperWhisper */;
			targetProxy = CE57B03A2D52C7BC00929AF3 /* PBXContainerItemProxy */;
		};
		CE57B0452D52C7BC00929AF3 /* PBXTargetDependency */ = {
			isa = PBXTargetDependency;
			target = CE57B0272D52C7BB00929AF3 /* OpenSuperWhisper */;
			targetProxy = CE57B0442D52C7BC00929AF3 /* PBXContainerItemProxy */;
		};
/* End PBXTargetDependency section */

/* Begin XCBuildConfiguration section */
		CE57B04B2D52C7BC00929AF3 /* Debug */ = {
			isa = XCBuildConfiguration;
			buildSettings = {
				ALWAYS_SEARCH_USER_PATHS = NO;
				ASSETCATALOG_COMPILER_GENERATE_SWIFT_ASSET_SYMBOL_EXTENSIONS = YES;
				CLANG_ANALYZER_NONNULL = YES;
				CLANG_ANALYZER_NUMBER_OBJECT_CONVERSION = YES_AGGRESSIVE;
				CLANG_ENABLE_MODULES = YES;
				CLANG_ENABLE_OBJC_ARC = YES;
				CLANG_ENABLE_OBJC_WEAK = YES;
				CLANG_WARN_BLOCK_CAPTURE_AUTORELEASING = YES;
				CLANG_WARN_BOOL_CONVERSION = YES;
				CLANG_WARN_COMMA = YES;
				CLANG_WARN_CONSTANT_CONVERSION = YES;
				CLANG_WARN_DEPRECATED_OBJC_IMPLEMENTATIONS = YES;
				CLANG_WARN_DIRECT_OBJC_ISA_USAGE = YES_ERROR;
				CLANG_WARN_DOCUMENTATION_COMMENTS = YES;
				CLANG_WARN_EMPTY_BODY = YES;
				CLANG_WARN_ENUM_CONVERSION = YES;
				CLANG_WARN_INFINITE_RECURSION = YES;
				CLANG_WARN_INT_CONVERSION = YES;
				CLANG_WARN_NON_LITERAL_NULL_CONVERSION = YES;
				CLANG_WARN_OBJC_IMPLICIT_RETAIN_SELF = YES;
				CLANG_WARN_OBJC_LITERAL_CONVERSION = YES;
				CLANG_WARN_OBJC_ROOT_CLASS = YES_ERROR;
				CLANG_WARN_QUOTED_INCLUDE_IN_FRAMEWORK_HEADER = YES;
				CLANG_WARN_RANGE_LOOP_ANALYSIS = YES;
				CLANG_WARN_STRICT_PROTOTYPES = YES;
				CLANG_WARN_SUSPICIOUS_MOVE = YES;
				CLANG_WARN_UNGUARDED_AVAILABILITY = YES_AGGRESSIVE;
				CLANG_WARN_UNREACHABLE_CODE = YES;
				CLANG_WARN__DUPLICATE_METHOD_MATCH = YES;
				COPY_PHASE_STRIP = NO;
				DEAD_CODE_STRIPPING = YES;
				DEBUG_INFORMATION_FORMAT = dwarf;
				ENABLE_STRICT_OBJC_MSGSEND = YES;
				ENABLE_TESTABILITY = YES;
				ENABLE_USER_SCRIPT_SANDBOXING = NO;
				GCC_DYNAMIC_NO_PIC = NO;
				GCC_NO_COMMON_BLOCKS = YES;
				GCC_OPTIMIZATION_LEVEL = 0;
				GCC_PREPROCESSOR_DEFINITIONS = (
					"DEBUG=1",
					"$(inherited)",
				);
				GCC_WARN_64_TO_32_BIT_CONVERSION = YES;
				GCC_WARN_ABOUT_RETURN_TYPE = YES_ERROR;
				GCC_WARN_UNDECLARED_SELECTOR = YES;
				GCC_WARN_UNINITIALIZED_AUTOS = YES_AGGRESSIVE;
				GCC_WARN_UNUSED_FUNCTION = YES;
				GCC_WARN_UNUSED_VARIABLE = YES;
				LOCALIZATION_PREFERS_STRING_CATALOGS = YES;
				MACOSX_DEPLOYMENT_TARGET = 26.0;
				MTL_ENABLE_DEBUG_INFO = NO;
				MTL_FAST_MATH = YES;
				ONLY_ACTIVE_ARCH = YES;
				SDKROOT = macosx;
				SUPPORTED_PLATFORMS = macosx;
				SUPPORTS_MACCATALYST = NO;
				SWIFT_ACTIVE_COMPILATION_CONDITIONS = "DEBUG $(inherited)";
				SWIFT_OPTIMIZATION_LEVEL = "-Onone";
				VALID_ARCHS = arm64;
			};
			name = Debug;
		};
		CE57B04C2D52C7BC00929AF3 /* Release */ = {
			isa = XCBuildConfiguration;
			buildSettings = {
				ALWAYS_SEARCH_USER_PATHS = NO;
				ASSETCATALOG_COMPILER_GENERATE_SWIFT_ASSET_SYMBOL_EXTENSIONS = YES;
				CLANG_ANALYZER_NONNULL = YES;
				CLANG_ANALYZER_NUMBER_OBJECT_CONVERSION = YES_AGGRESSIVE;
				CLANG_ENABLE_MODULES = YES;
				CLANG_ENABLE_OBJC_ARC = YES;
				CLANG_ENABLE_OBJC_WEAK = YES;
				CLANG_WARN_BLOCK_CAPTURE_AUTORELEASING = YES;
				CLANG_WARN_BOOL_CONVERSION = YES;
				CLANG_WARN_COMMA = YES;
				CLANG_WARN_CONSTANT_CONVERSION = YES;
				CLANG_WARN_DEPRECATED_OBJC_IMPLEMENTATIONS = YES;
				CLANG_WARN_DIRECT_OBJC_ISA_USAGE = YES_ERROR;
				CLANG_WARN_DOCUMENTATION_COMMENTS = YES;
				CLANG_WARN_EMPTY_BODY = YES;
				CLANG_WARN_ENUM_CONVERSION = YES;
				CLANG_WARN_INFINITE_RECURSION = YES;
				CLANG_WARN_INT_CONVERSION = YES;
				CLANG_WARN_NON_LITERAL_NULL_CONVERSION = YES;
				CLANG_WARN_OBJC_IMPLICIT_RETAIN_SELF = YES;
				CLANG_WARN_OBJC_LITERAL_CONVERSION = YES;
				CLANG_WARN_OBJC_ROOT_CLASS = YES_ERROR;
				CLANG_WARN_QUOTED_INCLUDE_IN_FRAMEWORK_HEADER = YES;
				CLANG_WARN_RANGE_LOOP_ANALYSIS = YES;
				CLANG_WARN_STRICT_PROTOTYPES = YES;
				CLANG_WARN_SUSPICIOUS_MOVE = YES;
				CLANG_WARN_UNGUARDED_AVAILABILITY = YES_AGGRESSIVE;
				CLANG_WARN_UNREACHABLE_CODE = YES;
				CLANG_WARN__DUPLICATE_METHOD_MATCH = YES;
				COPY_PHASE_STRIP = YES;
				DEAD_CODE_STRIPPING = YES;
				DEBUG_INFORMATION_FORMAT = "dwarf-with-dsym";
				ENABLE_NS_ASSERTIONS = NO;
				ENABLE_STRICT_OBJC_MSGSEND = YES;
				ENABLE_USER_SCRIPT_SANDBOXING = NO;
				GCC_NO_COMMON_BLOCKS = YES;
				GCC_OPTIMIZATION_LEVEL = s;
				LLVM_LTO = YES;
				LOCALIZATION_PREFERS_STRING_CATALOGS = YES;
				MACOSX_DEPLOYMENT_TARGET = 26.0;
				MTL_ENABLE_DEBUG_INFO = NO;
				MTL_FAST_MATH = YES;
				SDKROOT = macosx;
				SUPPORTED_PLATFORMS = macosx;
				SUPPORTS_MACCATALYST = NO;
				SWIFT_COMPILATION_MODE = wholemodule;
				SWIFT_OPTIMIZATION_LEVEL = "-O";
				VALID_ARCHS = arm64;
			};
			name = Release;
		};
		CE57B04E2D52C7BC00929AF3 /* Debug */ = {
			isa = XCBuildConfiguration;
			buildSettings = {
				ASSETCATALOG_COMPILER_APPICON_NAME = AppIcon;
				ASSETCATALOG_COMPILER_GLOBAL_ACCENT_COLOR_NAME = AccentColor;
				CODE_SIGN_ENTITLEMENTS = OpenSuperWhisper/OpenSuperWhisper.entitlements;
				"CODE_SIGN_IDENTITY[sdk=macosx*]" = "-";
				CODE_SIGN_STYLE = Manual;
				COMBINE_HIDPI_IMAGES = YES;
				CURRENT_PROJECT_VERSION = 5;
				DEAD_CODE_STRIPPING = YES;
				DEFINES_MODULE = YES;
				DEVELOPMENT_ASSET_PATHS = "\"OpenSuperWhisper/Preview Content\"";
				DEVELOPMENT_TEAM = "";
				"DEVELOPMENT_TEAM[sdk=macosx*]" = "";
				ENABLE_HARDENED_RUNTIME = YES;
				ENABLE_MODULE_VERIFIER = YES;
				ENABLE_PREVIEWS = YES;
				EXCLUDED_ARCHS = x86_64;
				GENERATE_INFOPLIST_FILE = YES;
				INFOPLIST_FILE = "OpenSuperWhisper/OpenSuperWhisper-Info.plist";
				INFOPLIST_KEY_LSApplicationCategoryType = "public.app-category.productivity";
				INFOPLIST_KEY_NSAppleEventsUsageDescription = "OpenSuperWhisper needs accessibility access to provide system-wide functionality.";
				INFOPLIST_KEY_NSHumanReadableCopyright = "";
				INFOPLIST_KEY_NSMicrophoneUsageDescription = "OpenSuperWhisper needs microphone access to record audio for transcription.";
				INFOPLIST_KEY_NSSpeechRecognitionUsageDescription = "OpenSuperWhisper uses on-device speech recognition to transcribe your recordings.";
				LD_RUNPATH_SEARCH_PATHS = (
					"$(inherited)",
					"@executable_path/../Frameworks",
				);
				MACOSX_DEPLOYMENT_TARGET = 26.0;
				MARKETING_VERSION = 0.0.4;
				PRODUCT_BUNDLE_IDENTIFIER = net.mdo.OpenSuperWhisper;
				PRODUCT_NAME = "$(TARGET_NAME)";
				PROVISIONING_PROFILE_SPECIFIER = "";
				"PROVISIONING_PROFILE_SPECIFIER[sdk=macosx*]" = "";
				SWIFT_EMIT_LOC_STRINGS = YES;
				SWIFT_VERSION = 5.0;
			};
			name = Debug;
		};
		CE57B04F2D52C7BC00929AF3 /* Release */ = {
			isa = XCBuildConfiguration;
			buildSettings = {
				ASSETCATALOG_COMPILER_APPICON_NAME = AppIcon;
				ASSETCATALOG_COMPILER_GLOBAL_ACCENT_COLOR_NAME = AccentColor;
				CODE_SIGN_ENTITLEMENTS = OpenSuperWhisper/OpenSuperWhisper.entitlements;
				"CODE_SIGN_IDENTITY[sdk=macosx*]" = "-";
				CODE_SIGN_STYLE = Manual;
				COMBINE_HIDPI_IMAGES = YES;
				CURRENT_PROJECT_VERSION = 5;
				DEAD_CODE_STRIPPING = YES;
				DEFINES_MODULE = YES;
				DEVELOPMENT_ASSET_PATHS = "\"OpenSuperWhisper/Preview Content\"";
				DEVELOPMENT_TEAM = "";
				"DEVELOPMENT_TEAM[sdk=macosx*]" = "";
				ENABLE_HARDENED_RUNTIME = YES;
				ENABLE_MODULE_VERIFIER = YES;
				ENABLE_PREVIEWS = YES;
				EXCLUDED_ARCHS = x86_64;
				GCC_OPTIMIZATION_LEVEL = s;
				GENERATE_INFOPLIST_FILE = YES;
				INFOPLIST_FILE = "OpenSuperWhisper/OpenSuperWhisper-Info.plist";
				INFOPLIST_KEY_LSApplicationCategoryType = "public.app-category.productivity";
				INFOPLIST_KEY_NSAppleEventsUsageDescription = "OpenSuperWhisper needs accessibility access to provide system-wide functionality.";
				INFOPLIST_KEY_NSHumanReadableCopyright = "";
				INFOPLIST_KEY_NSMicrophoneUsageDescription = "OpenSuperWhisper needs microphone access to record audio for transcription.";
				INFOPLIST_KEY_NSSpeechRecognitionUsageDescription = "OpenSuperWhisper uses on-device speech recognition to transcribe your recordings.";
				LD_RUNPATH_SEARCH_PATHS = (
					"$(inherited)",
					"@executable_path/../Frameworks",
				);
				LLVM_LTO = YES;
				MACOSX_DEPLOYMENT_TARGET = 26.0;
				MARKETING_VERSION = 0.0.4;
				PRODUCT_BUNDLE_IDENTIFIER = net.mdo.OpenSuperWhisper;
				PRODUCT_NAME = "$(TARGET_NAME)";
				PROVISIONING_PROFILE_SPECIFIER = "";
				"PROVISIONING_PROFILE_SPECIFIER[sdk=macosx*]" = "";
				SWIFT_EMIT_LOC_STRINGS = YES;
				SWIFT_OPTIMIZATION_LEVEL = "-O";
				SWIFT_VERSION = 5.0;
			};
			name = Release;
		};
		CE57B0512D52C7BC00929AF3 /* Debug */ = {
			isa = XCBuildConfiguration;
			buildSettings = {
				BUNDLE_LOADER = "$(TEST_HOST)";
				CODE_SIGN_STYLE = Automatic;
				CURRENT_PROJECT_VERSION = 5;
				DEAD_CODE_STRIPPING = YES;
				DEVELOPMENT_TEAM = 8LLDD7HWZK;
				GENERATE_INFOPLIST_FILE = YES;
				MACOSX_DEPLOYMENT_TARGET = 26.0;
				MARKETING_VERSION = 0.0.4;
				PRODUCT_BUNDLE_IDENTIFIER = net.mdo.OpenSuperWhisperTests;
				PRODUCT_NAME = "$(TARGET_NAME)";
				SWIFT_EMIT_LOC_STRINGS = NO;
				SWIFT_VERSION = 5.0;
				TEST_HOST = "$(BUILT_PRODUCTS_DIR)/OpenSuperWhisper.app/$(BUNDLE_EXECUTABLE_FOLDER_PATH)/OpenSuperWhisper";
			};
			name = Debug;
		};
		CE57B0522D52C7BC00929AF3 /* Release */ = {
			isa = XCBuildConfiguration;
			buildSettings = {
				BUNDLE_LOADER = "$(TEST_HOST)";
				CODE_SIGN_STYLE = Automatic;
				CURRENT_PROJECT_VERSION = 5;
				DEAD_CODE_STRIPPING = YES;
				DEVELOPMENT_TEAM = 8LLDD7HWZK;
				GENERATE_INFOPLIST_FILE = YES;
				MACOSX_DEPLOYMENT_TARGET = 26.0;
				MARKETING_VERSION = 0.0.4;
				PRODUCT_BUNDLE_IDENTIFIER = net.mdo.OpenSuperWhisperTests;
				PRODUCT_NAME = "$(TARGET_NAME)";
				SWIFT_EMIT_LOC_STRINGS = NO;
				SWIFT_VERSION = 5.0;
				TEST_HOST = "$(BUILT_PRODUCTS_DIR)/OpenSuperWhisper.app/$(BUNDLE_EXECUTABLE_FOLDER_PATH)/OpenSuperWhisper";
			};
			name = Release;
		};
		CE57B0542D52C7BC00929AF3 /* Debug */ = {
			isa = XCBuildConfiguration;
			buildSettings = {
				CODE_SIGN_STYLE = Automatic;
				CURRENT_PROJECT_VERSION = 5;
				DEAD_CODE_STRIPPING = YES;
				DEVELOPMENT_TEAM = 8LLDD7HWZK;
				GENERATE_INFOPLIST_FILE = YES;
				MACOSX_DEPLOYMENT_TARGET = 26.0;
				MARKETING_VERSION = 0.0.4;
				PRODUCT_BUNDLE_IDENTIFIER = net.mdo.OpenSuperWhisperUITests;
				PRODUCT_NAME = "$(TARGET_NAME)";
				SWIFT_EMIT_LOC_STRINGS = NO;
				SWIFT_VERSION = 5.0;
				TEST_TARGET_NAME = OpenSuperWhisper;
			};
			name = Debug;
		};
		CE57B0552D52C7BC00929AF3 /* Release */ = {
			isa = XCBuildConfiguration;
			buildSettings = {
				CODE_SIGN_STYLE = Automatic;
				CURRENT_PROJECT_VERSION = 5;
				DEAD_CODE_STRIPPING = YES;
				DEVELOPMENT_TEAM = 8LLDD7HWZK;
				GENERATE_INFOPLIST_FILE = YES;
				MACOSX_DEPLOYMENT_TARGET = 26.0;
				MARKETING_VERSION = 0.0.4;
				PRODUCT_BUNDLE_IDENTIFIER = net.mdo.OpenSuperWhisperUITests;
				PRODUCT_NAME = "$(TARGET_NAME)";
				SWIFT_EMIT_LOC_STRINGS = NO;
				SWIFT_VERSION = 5.0;
				TEST_TARGET_NAME = OpenSuperWhisper;
			};
			name = Release;
		};
/* End XCBuildConfiguration section */

/* Begin XCConfigurationList section */
		CE57B0232D52C7BB00929AF3 /* Build configuration list for PBXProject "OpenSuperWhisper" */ = {
			isa = XCConfigurationList;
			buildConfigurations = (
				CE57B04B2D52C7BC00929AF3 /* Debug */,
				CE57B04C2D52C7BC00929AF3 /* Release */,
			);
			defaultConfigurationIsVisible = 0;
			defaultConfigurationName = Release;
		};
		CE57B04D2D52C7BC00929AF3 /* Build configuration list for PBXNativeTarget "OpenSuperWhisper" */ = {
			isa = XCConfigurationList;
			buildConfigurations = (
				CE57B04E2D52C7BC00929AF3 /* Debug */,
				CE57B04F2D52C7BC00929AF3 /* Release */,
			);
			defaultConfigurationIsVisible = 0;
			defaultConfigurationName = Release;
		};
		CE57B0502D52C7BC00929AF3 /* Build configuration list for PBXNativeTarget "OpenSuperWhisperTests" */ = {
			isa = XCConfigurationList;
			buildConfigurations = (
				CE57B0512D52C7BC00929AF3 /* Debug */,
				CE57B0522D52C7BC00929AF3 /* Release */,
			);
			defaultConfigurationIsVisible = 0;
			defaultConfigurationName = Release;
		};
		CE57B0532D52C7BC00929AF3 /* Build configuration list for PBXNativeTarget "OpenSuperWhisperUITests" */ = {
			isa = XCConfigurationList;
			buildConfigurations = (
				CE57B0542D52C7BC00929AF3 /* Debug */,
				CE57B0552D52C7BC00929AF3 /* Release */,
			);
			defaultConfigurationIsVisible = 0;
			defaultConfigurationName = Release;
		};
/* End XCConfigurationList section */

/* Begin XCRemoteSwiftPackageReference section */
		CE0EAD6C2D56ACA80067FDEE /* XCRemoteSwiftPackageReference "GRDB.swift" */ = {
			isa = XCRemoteSwiftPackageReference;
			repositoryURL = "https://github.com/groue/GRDB.swift.git";
			requirement = {
				kind = upToNextMajorVersion;
				minimumVersion = 7.5.0;
			};
		};
		CE84E17B2D56550B00C54EA6 /* XCRemoteSwiftPackageReference "KeyboardShortcuts" */ = {
			isa = XCRemoteSwiftPackageReference;
			repositoryURL = "https://github.com/sindresorhus/KeyboardShortcuts";
			requirement = {
				kind = upToNextMajorVersion;
				minimumVersion = 2.3.0;
			};
		};
/* End XCRemoteSwiftPackageReference section */

/* Begin XCSwiftPackageProductDependency section */
		CE0EAD6D2D56ACA80067FDEE /* GRDB */ = {
			isa = XCSwiftPackageProductDependency;
			package = CE0EAD6C2D56ACA80067FDEE /* XCRemoteSwiftPackageReference "GRDB.swift" */;
			productName = GRDB;
		};
		CE84E17C2D56550B00C54EA6 /* KeyboardShortcuts */ = {
			isa = XCSwiftPackageProductDependency;
			package = CE84E17B2D56550B00C54EA6 /* XCRemoteSwiftPackageReference "KeyboardShortcuts" */;
			productName = KeyboardShortcuts;
		};
/* End XCSwiftPackageProductDependency section */
	};
	rootObject = CE57B0202D52C7BB00929AF3 /* Project object */;
}
